
Microsoft Visual Studio Solution File, Format Version 12.00
# Visual Studio 2013
VisualStudioVersion = 12.0.40629.0
MinimumVisualStudioVersion = 10.0.40219.1
Project("{FAE04EC0-301F-11D3-BF4B-00C04F79EFBC}") = "Exercicio-Fada", "Exercicio-Fada\Exercicio-Fada.csproj", "{0C6F75FD-CA26-41DE-A9D4-0A12CC39C8B1}"
EndProject
Project("{FAE04EC0-301F-11D3-BF4B-00C04F79EFBC}") = "Model", "Model\Model.csproj", "{10002FE0-18D5-4EF8-9749-B1458BCA217B}"
EndProject
Global
	GlobalSection(SolutionConfigurationPlatforms) = preSolution
		Debug|Any CPU = Debug|Any CPU
		Release|Any CPU = Release|Any CPU
	EndGlobalSection
	GlobalSection(ProjectConfigurationPlatforms) = postSolution
		{0C6F75FD-CA26-41DE-A9D4-0A12CC39C8B1}.Debug|Any CPU.ActiveCfg = Debug|Any CPU
		{0C6F75FD-CA26-41DE-A9D4-0A12CC39C8B1}.Debug|Any CPU.Build.0 = Debug|Any CPU
		{0C6F75FD-CA26-41DE-A9D4-0A12CC39C8B1}.Release|Any CPU.ActiveCfg = Release|Any CPU
		{0C6F75FD-CA26-41DE-A9D4-0A12CC39C8B1}.Release|Any CPU.Build.0 = Release|Any CPU
		{10002FE0-18D5-4EF8-9749-B1458BCA217B}.Debug|Any CPU.ActiveCfg = Debug|Any CPU
		{10002FE0-18D5-4EF8-9749-B1458BCA217B}.Debug|Any CPU.Build.0 = Debug|Any CPU
		{10002FE0-18D5-4EF8-9749-B1458BCA217B}.Release|Any CPU.ActiveCfg = Release|Any CPU
		{10002FE0-18D5-4EF8-9749-B1458BCA217B}.Release|Any CPU.Build.0 = Release|Any CPU
	EndGlobalSection
	GlobalSection(SolutionProperties) = preSolution
		HideSolutionNode = FALSE
	EndGlobalSection
EndGlobal
