
Microsoft Visual Studio Solution File, Format Version 12.00
# Visual Studio 2013
VisualStudioVersion = 12.0.40629.0
MinimumVisualStudioVersion = 10.0.40219.1
Project("{FAE04EC0-301F-11D3-BF4B-00C04F79EFBC}") = "NossaAplicacao", "NossaAplicacao\NossaAplicacao.csproj", "{199E5B6E-3B40-48DC-A4A6-992F0CFC274C}"
EndProject
Global
	GlobalSection(SolutionConfigurationPlatforms) = preSolution
		Debug|Any CPU = Debug|Any CPU
		Release|Any CPU = Release|Any CPU
	EndGlobalSection
	GlobalSection(ProjectConfigurationPlatforms) = postSolution
		{199E5B6E-3B40-48DC-A4A6-992F0CFC274C}.Debug|Any CPU.ActiveCfg = Debug|Any CPU
		{199E5B6E-3B40-48DC-A4A6-992F0CFC274C}.Debug|Any CPU.Build.0 = Debug|Any CPU
		{199E5B6E-3B40-48DC-A4A6-992F0CFC274C}.Release|Any CPU.ActiveCfg = Release|Any CPU
		{199E5B6E-3B40-48DC-A4A6-992F0CFC274C}.Release|Any CPU.Build.0 = Release|Any CPU
	EndGlobalSection
	GlobalSection(SolutionProperties) = preSolution
		HideSolutionNode = FALSE
	EndGlobalSection
EndGlobal
